{
  "name": "editsvgcode",
  "version": "1.0.0",
  "lockfileVersion": 1,
  "requires": true,
  "dependencies": {
    "@popperjs/core": {
      "version": "2.3.3",
      "resolved": "https://registry.npmjs.org/@popperjs/core/-/core-2.3.3.tgz",
      "integrity": "sha512-yEvVC8RfhRPkD9TUn7cFcLcgoJePgZRAOR7T21rcRY5I8tpuhzeWfGa7We7tB14fe9R7wENdqUABcMdwD4SQLw=="
    },
    "bootstrap": {
      "version": "4.4.1",
      "resolved": "https://registry.npmjs.org/bootstrap/-/bootstrap-4.4.1.tgz",
      "integrity": "sha512-tbx5cHubwE6e2ZG7nqM3g/FZ5PQEDMWmMGNrCUBVRPHXTJaH7CBDdsLeu3eCh3B1tzAxTnAbtmrzvWEvT2NNEA=="
    },
    "jquery": {
      "version": "3.5.0",
      "resolved": "https://registry.npmjs.org/jquery/-/jquery-3.5.0.tgz",
      "integrity": "sha512-Xb7SVYMvygPxbFMpTFQiHh1J7HClEaThguL15N/Gg37Lri/qKyhRGZYzHRyLH8Stq3Aow0LsHO2O2ci86fCrNQ=="
    },
    "monaco-editor": {
      "version": "0.20.0",
      "resolved": "https://registry.npmjs.org/monaco-editor/-/monaco-editor-0.20.0.tgz",
      "integrity": "sha512-hkvf4EtPJRMQlPC3UbMoRs0vTAFAYdzFQ+gpMb8A+9znae1c43q8Mab9iVsgTcg/4PNiLGGn3SlDIa8uvK1FIQ=="
    },
    "split.js": {
      "version": "1.5.11",
      "resolved": "https://registry.npmjs.org/split.js/-/split.js-1.5.11.tgz",
      "integrity": "sha512-ec0sAbWnaMGpNHWo1ZgIlF3Mx7GzSyaO0GlcEBZGIFZQwYPPkbDV6JRpDmpzIshVig7USREuEPudy0ygQaskXg=="
    },
    "tippy.js": {
      "version": "6.2.0",
      "resolved": "https://registry.npmjs.org/tippy.js/-/tippy.js-6.2.0.tgz",
      "integrity": "sha512-xb7xq4vSkrhZHvbRx7l8otFL7z2id+U0VPDX+MHXa8B/4PtJ/nvap6/peLHjMk45VmRIvEhF0KFoqviJ6EEtug==",
      "requires": {
        "@popperjs/core": "^2.3.2"
      }
    }
  }
}
